// !$*UTF8*$!
{
	archiveVersion = 1;
	classes = {
	};
	objectVersion = 46;
	objects = {

/* Begin PBXBuildFile section */
		413000251A009FD000B6D128 /* AppDelegate.swift in Sources */ = {isa = PBXBuildFile; fileRef = 413000241A009FD000B6D128 /* AppDelegate.swift */; };
		413000271A009FD000B6D128 /* ViewController.swift in Sources */ = {isa = PBXBuildFile; fileRef = 413000261A009FD000B6D128 /* ViewController.swift */; };
		4130002A1A009FD000B6D128 /* Main.storyboard in Resources */ = {isa = PBXBuildFile; fileRef = 413000281A009FD000B6D128 /* Main.storyboard */; };
		4130002C1A009FD000B6D128 /* Images.xcassets in Resources */ = {isa = PBXBuildFile; fileRef = 4130002B1A009FD000B6D128 /* Images.xcassets */; };
		4130002F1A009FD000B6D128 /* LaunchScreen.xib in Resources */ = {isa = PBXBuildFile; fileRef = 4130002D1A009FD000B6D128 /* LaunchScreen.xib */; };
		4130003B1A009FD000B6D128 /* The_One_Percent___SwiftTests.swift in Sources */ = {isa = PBXBuildFile; fileRef = 4130003A1A009FD000B6D128 /* The_One_Percent___SwiftTests.swift */; };
/* End PBXBuildFile section */

/* Begin PBXContainerItemProxy section */
		413000351A009FD000B6D128 /* PBXContainerItemProxy */ = {
			isa = PBXContainerItemProxy;
			containerPortal = 413000171A009FCF00B6D128 /* Project object */;
			proxyType = 1;
			remoteGlobalIDString = 4130001E1A009FCF00B6D128;
			remoteInfo = "The One Percent - Swift";
		};
/* End PBXContainerItemProxy section */

/* Begin PBXFileReference section */
		4130001F1A009FCF00B6D128 /* The One Percent - Swift.app */ = {isa = PBXFileReference; explicitFileType = wrapper.application; includeInIndex = 0; path = "The One Percent - Swift.app"; sourceTree = BUILT_PRODUCTS_DIR; };
		413000231A009FD000B6D128 /* Info.plist */ = {isa = PBXFileReference; lastKnownFileType = text.plist.xml; path = Info.plist; sourceTree = "<group>"; };
		413000241A009FD000B6D128 /* AppDelegate.swift */ = {isa = PBXFileReference; lastKnownFileType = sourcecode.swift; path = AppDelegate.swift; sourceTree = "<group>"; };
		413000261A009FD000B6D128 /* ViewController.swift */ = {isa = PBXFileReference; lastKnownFileType = sourcecode.swift; path = ViewController.swift; sourceTree = "<group>"; };
		413000291A009FD000B6D128 /* Base */ = {isa = PBXFileReference; lastKnownFileType = file.storyboard; name = Base; path = Base.lproj/Main.storyboard; sourceTree = "<group>"; };
		4130002B1A009FD000B6D128 /* Images.xcassets */ = {isa = PBXFileReference; lastKnownFileType = folder.assetcatalog; path = Images.xcassets; sourceTree = "<group>"; };
		4130002E1A009FD000B6D128 /* Base */ = {isa = PBXFileReference; lastKnownFileType = file.xib; name = Base; path = Base.lproj/LaunchScreen.xib; sourceTree = "<group>"; };
		413000341A009FD000B6D128 /* The One Percent - SwiftTests.xctest */ = {isa = PBXFileReference; explicitFileType = wrapper.cfbundle; includeInIndex = 0; path = "The One Percent - SwiftTests.xctest"; sourceTree = BUILT_PRODUCTS_DIR; };
		413000391A009FD000B6D128 /* Info.plist */ = {isa = PBXFileReference; lastKnownFileType = text.plist.xml; path = Info.plist; sourceTree = "<group>"; };
		4130003A1A009FD000B6D128 /* The_One_Percent___SwiftTests.swift */ = {isa = PBXFileReference; lastKnownFileType = sourcecode.swift; path = "The_One_Percent___SwiftTests.swift"; sourceTree = "<group>"; };
/* End PBXFileReference section */

/* Begin PBXFrameworksBuildPhase section */
		4130001C1A009FCF00B6D128 /* Frameworks */ = {
			isa = PBXFrameworksBuildPhase;
			buildActionMask = 2147483647;
			files = (
			);
			runOnlyForDeploymentPostprocessing = 0;
		};
		413000311A009FD000B6D128 /* Frameworks */ = {
			isa = PBXFrameworksBuildPhase;
			buildActionMask = 2147483647;
			files = (
			);
			runOnlyForDeploymentPostprocessing = 0;
		};
/* End PBXFrameworksBuildPhase section */

/* Begin PBXGroup section */
		413000161A009FCF00B6D128 = {
			isa = PBXGroup;
			children = (
				413000211A009FCF00B6D128 /* The One Percent - Swift */,
				413000371A009FD000B6D128 /* The One Percent - SwiftTests */,
				413000201A009FCF00B6D128 /* Products */,
			);
			sourceTree = "<group>";
		};
		413000201A009FCF00B6D128 /* Products */ = {
			isa = PBXGroup;
			children = (
				4130001F1A009FCF00B6D128 /* The One Percent - Swift.app */,
				413000341A009FD000B6D128 /* The One Percent - SwiftTests.xctest */,
			);
			name = Products;
			sourceTree = "<group>";
		};
		413000211A009FCF00B6D128 /* The One Percent - Swift */ = {
			isa = PBXGroup;
			children = (
				413000241A009FD000B6D128 /* AppDelegate.swift */,
				413000261A009FD000B6D128 /* ViewController.swift */,
				413000281A009FD000B6D128 /* Main.storyboard */,
				4130002B1A009FD000B6D128 /* Images.xcassets */,
				4130002D1A009FD000B6D128 /* LaunchScreen.xib */,
				413000221A009FD000B6D128 /* Supporting Files */,
			);
			path = "The One Percent - Swift";
			sourceTree = "<group>";
		};
		413000221A009FD000B6D128 /* Supporting Files */ = {
			isa = PBXGroup;
			children = (
				413000231A009FD000B6D128 /* Info.plist */,
			);
			name = "Supporting Files";
			sourceTree = "<group>";
		};
		413000371A009FD000B6D128 /* The One Percent - SwiftTests */ = {
			isa = PBXGroup;
			children = (
				4130003A1A009FD000B6D128 /* The_One_Percent___SwiftTests.swift */,
				413000381A009FD000B6D128 /* Supporting Files */,
			);
			path = "The One Percent - SwiftTests";
			sourceTree = "<group>";
		};
		413000381A009FD000B6D128 /* Supporting Files */ = {
			isa = PBXGroup;
			children = (
				413000391A009FD000B6D128 /* Info.plist */,
			);
			name = "Supporting Files";
			sourceTree = "<group>";
		};
/* End PBXGroup section */

/* Begin PBXNativeTarget section */
		4130001E1A009FCF00B6D128 /* The One Percent - Swift */ = {
			isa = PBXNativeTarget;
			buildConfigurationList = 4130003E1A009FD000B6D128 /* Build configuration list for PBXNativeTarget "The One Percent - Swift" */;
			buildPhases = (
				4130001B1A009FCF00B6D128 /* Sources */,
				4130001C1A009FCF00B6D128 /* Frameworks */,
				4130001D1A009FCF00B6D128 /* Resources */,
			);
			buildRules = (
			);
			dependencies = (
			);
			name = "The One Percent - Swift";
			productName = "The One Percent - Swift";
			productReference = 4130001F1A009FCF00B6D128 /* The One Percent - Swift.app */;
			productType = "com.apple.product-type.application";
		};
		413000331A009FD000B6D128 /* The One Percent - SwiftTests */ = {
			isa = PBXNativeTarget;
			buildConfigurationList = 413000411A009FD000B6D128 /* Build configuration list for PBXNativeTarget "The One Percent - SwiftTests" */;
			buildPhases = (
				413000301A009FD000B6D128 /* Sources */,
				413000311A009FD000B6D128 /* Frameworks */,
				413000321A009FD000B6D128 /* Resources */,
			);
			buildRules = (
			);
			dependencies = (
				413000361A009FD000B6D128 /* PBXTargetDependency */,
			);
			name = "The One Percent - SwiftTests";
			productName = "The One Percent - SwiftTests";
			productReference = 413000341A009FD000B6D128 /* The One Percent - SwiftTests.xctest */;
			productType = "com.apple.product-type.bundle.unit-test";
		};
/* End PBXNativeTarget section */

/* Begin PBXProject section */
		413000171A009FCF00B6D128 /* Project object */ = {
			isa = PBXProject;
			attributes = {
				LastUpgradeCheck = 0610;
				ORGANIZATIONNAME = "Jian Yao Ang";
				TargetAttributes = {
					4130001E1A009FCF00B6D128 = {
						CreatedOnToolsVersion = 6.1;
					};
					413000331A009FD000B6D128 = {
						CreatedOnToolsVersion = 6.1;
						TestTargetID = 4130001E1A009FCF00B6D128;
					};
				};
			};
			buildConfigurationList = 4130001A1A009FCF00B6D128 /* Build configuration list for PBXProject "The One Percent - Swift" */;
			compatibilityVersion = "Xcode 3.2";
			developmentRegion = English;
			hasScannedForEncodings = 0;
			knownRegions = (
				en,
				Base,
			);
			mainGroup = 413000161A009FCF00B6D128;
			productRefGroup = 413000201A009FCF00B6D128 /* Products */;
			projectDirPath = "";
			projectRoot = "";
			targets = (
				4130001E1A009FCF00B6D128 /* The One Percent - Swift */,
				413000331A009FD000B6D128 /* The One Percent - SwiftTests */,
			);
		};
/* End PBXProject section */

/* Begin PBXResourcesBuildPhase section */
		4130001D1A009FCF00B6D128 /* Resources */ = {
			isa = PBXResourcesBuildPhase;
			buildActionMask = 2147483647;
			files = (
				4130002A1A009FD000B6D128 /* Main.storyboard in Resources */,
				4130002F1A009FD000B6D128 /* LaunchScreen.xib in Resources */,
				4130002C1A009FD000B6D128 /* Images.xcassets in Resources */,
			);
			runOnlyForDeploymentPostprocessing = 0;
		};
		413000321A009FD000B6D128 /* Resources */ = {
			isa = PBXResourcesBuildPhase;
			buildActionMask = 2147483647;
			files = (
			);
			runOnlyForDeploymentPostprocessing = 0;
		};
/* End PBXResourcesBuildPhase section */

/* Begin PBXSourcesBuildPhase section */
		4130001B1A009FCF00B6D128 /* Sources */ = {
			isa = PBXSourcesBuildPhase;
			buildActionMask = 2147483647;
			files = (
				413000271A009FD000B6D128 /* ViewController.swift in Sources */,
				413000251A009FD000B6D128 /* AppDelegate.swift in Sources */,
			);
			runOnlyForDeploymentPostprocessing = 0;
		};
		413000301A009FD000B6D128 /* Sources */ = {
			isa = PBXSourcesBuildPhase;
			buildActionMask = 2147483647;
			files = (
				4130003B1A009FD000B6D128 /* The_One_Percent___SwiftTests.swift in Sources */,
			);
			runOnlyForDeploymentPostprocessing = 0;
		};
/* End PBXSourcesBuildPhase section */

/* Begin PBXTargetDependency section */
		413000361A009FD000B6D128 /* PBXTargetDependency */ = {
			isa = PBXTargetDependency;
			target = 4130001E1A009FCF00B6D128 /* The One Percent - Swift */;
			targetProxy = 413000351A009FD000B6D128 /* PBXContainerItemProxy */;
		};
/* End PBXTargetDependency section */

/* Begin PBXVariantGroup section */
		413000281A009FD000B6D128 /* Main.storyboard */ = {
			isa = PBXVariantGroup;
			children = (
				413000291A009FD000B6D128 /* Base */,
			);
			name = Main.storyboard;
			sourceTree = "<group>";
		};
		4130002D1A009FD000B6D128 /* LaunchScreen.xib */ = {
			isa = PBXVariantGroup;
			children = (
				4130002E1A009FD000B6D128 /* Base */,
			);
			name = LaunchScreen.xib;
			sourceTree = "<group>";
		};
/* End PBXVariantGroup section */

/* Begin XCBuildConfiguration section */
		4130003C1A009FD000B6D128 /* Debug */ = {
			isa = XCBuildConfiguration;
			buildSettings = {
				ALWAYS_SEARCH_USER_PATHS = NO;
				CLANG_CXX_LANGUAGE_STANDARD = "gnu++0x";
				CLANG_CXX_LIBRARY = "libc++";
				CLANG_ENABLE_MODULES = YES;
				CLANG_ENABLE_OBJC_ARC = YES;
				CLANG_WARN_BOOL_CONVERSION = YES;
				CLANG_WARN_CONSTANT_CONVERSION = YES;
				CLANG_WARN_DIRECT_OBJC_ISA_USAGE = YES_ERROR;
				CLANG_WARN_EMPTY_BODY = YES;
				CLANG_WARN_ENUM_CONVERSION = YES;
				CLANG_WARN_INT_CONVERSION = YES;
				CLANG_WARN_OBJC_ROOT_CLASS = YES_ERROR;
				CLANG_WARN_UNREACHABLE_CODE = YES;
				CLANG_WARN__DUPLICATE_METHOD_MATCH = YES;
				"CODE_SIGN_IDENTITY[sdk=iphoneos*]" = "iPhone Developer";
				COPY_PHASE_STRIP = NO;
				ENABLE_STRICT_OBJC_MSGSEND = YES;
				GCC_C_LANGUAGE_STANDARD = gnu99;
				GCC_DYNAMIC_NO_PIC = NO;
				GCC_OPTIMIZATION_LEVEL = 0;
				GCC_PREPROCESSOR_DEFINITIONS = (
					"DEBUG=1",
					"$(inherited)",
				);
				GCC_SYMBOLS_PRIVATE_EXTERN = NO;
				GCC_WARN_64_TO_32_BIT_CONVERSION = YES;
				GCC_WARN_ABOUT_RETURN_TYPE = YES_ERROR;
				GCC_WARN_UNDECLARED_SELECTOR = YES;
				GCC_WARN_UNINITIALIZED_AUTOS = YES_AGGRESSIVE;
				GCC_WARN_UNUSED_FUNCTION = YES;
				GCC_WARN_UNUSED_VARIABLE = YES;
				IPHONEOS_DEPLOYMENT_TARGET = 8.1;
				MTL_ENABLE_DEBUG_INFO = YES;
				ONLY_ACTIVE_ARCH = YES;
				SDKROOT = iphoneos;
				SWIFT_OPTIMIZATION_LEVEL = "-Onone";
			};
			name = Debug;
		};
		4130003D1A009FD000B6D128 /* Release */ = {
			isa = XCBuildConfiguration;
			buildSettings = {
				ALWAYS_SEARCH_USER_PATHS = NO;
				CLANG_CXX_LANGUAGE_STANDARD = "gnu++0x";
				CLANG_CXX_LIBRARY = "libc++";
				CLANG_ENABLE_MODULES = YES;
				CLANG_ENABLE_OBJC_ARC = YES;
				CLANG_WARN_BOOL_CONVERSION = YES;
				CLANG_WARN_CONSTANT_CONVERSION = YES;
				CLANG_WARN_DIRECT_OBJC_ISA_USAGE = YES_ERROR;
				CLANG_WARN_EMPTY_BODY = YES;
				CLANG_WARN_ENUM_CONVERSION = YES;
				CLANG_WARN_INT_CONVERSION = YES;
				CLANG_WARN_OBJC_ROOT_CLASS = YES_ERROR;
				CLANG_WARN_UNREACHABLE_CODE = YES;
				CLANG_WARN__DUPLICATE_METHOD_MATCH = YES;
				"CODE_SIGN_IDENTITY[sdk=iphoneos*]" = "iPhone Developer";
				COPY_PHASE_STRIP = YES;
				ENABLE_NS_ASSERTIONS = NO;
				ENABLE_STRICT_OBJC_MSGSEND = YES;
				GCC_C_LANGUAGE_STANDARD = gnu99;
				GCC_WARN_64_TO_32_BIT_CONVERSION = YES;
				GCC_WARN_ABOUT_RETURN_TYPE = YES_ERROR;
				GCC_WARN_UNDECLARED_SELECTOR = YES;
				GCC_WARN_UNINITIALIZED_AUTOS = YES_AGGRESSIVE;
				GCC_WARN_UNUSED_FUNCTION = YES;
				GCC_WARN_UNUSED_VARIABLE = YES;
				IPHONEOS_DEPLOYMENT_TARGET = 8.1;
				MTL_ENABLE_DEBUG_INFO = NO;
				SDKROOT = iphoneos;
				VALIDATE_PRODUCT = YES;
			};
			name = Release;
		};
		4130003F1A009FD000B6D128 /* Debug */ = {
			isa = XCBuildConfiguration;
			buildSettings = {
				ASSETCATALOG_COMPILER_APPICON_NAME = AppIcon;
				INFOPLIST_FILE = "The One Percent - Swift/Info.plist";
				LD_RUNPATH_SEARCH_PATHS = "$(inherited) @executable_path/Frameworks";
				PRODUCT_NAME = "$(TARGET_NAME)";
			};
			name = Debug;
		};
		413000401A009FD000B6D128 /* Release */ = {
			isa = XCBuildConfiguration;
			buildSettings = {
				ASSETCATALOG_COMPILER_APPICON_NAME = AppIcon;
				INFOPLIST_FILE = "The One Percent - Swift/Info.plist";
				LD_RUNPATH_SEARCH_PATHS = "$(inherited) @executable_path/Frameworks";
				PRODUCT_NAME = "$(TARGET_NAME)";
			};
			name = Release;
		};
		413000421A009FD000B6D128 /* Debug */ = {
			isa = XCBuildConfiguration;
			buildSettings = {
				BUNDLE_LOADER = "$(TEST_HOST)";
				FRAMEWORK_SEARCH_PATHS = (
					"$(SDKROOT)/Developer/Library/Frameworks",
					"$(inherited)",
				);
				GCC_PREPROCESSOR_DEFINITIONS = (
					"DEBUG=1",
					"$(inherited)",
				);
				INFOPLIST_FILE = "The One Percent - SwiftTests/Info.plist";
				LD_RUNPATH_SEARCH_PATHS = "$(inherited) @executable_path/Frameworks @loader_path/Frameworks";
				PRODUCT_NAME = "$(TARGET_NAME)";
				TEST_HOST = "$(BUILT_PRODUCTS_DIR)/The One Percent - Swift.app/The One Percent - Swift";
			};
			name = Debug;
		};
		413000431A009FD000B6D128 /* Release */ = {
			isa = XCBuildConfiguration;
			buildSettings = {
				BUNDLE_LOADER = "$(TEST_HOST)";
				FRAMEWORK_SEARCH_PATHS = (
					"$(SDKROOT)/Developer/Library/Frameworks",
					"$(inherited)",
				);
				INFOPLIST_FILE = "The One Percent - SwiftTests/Info.plist";
				LD_RUNPATH_SEARCH_PATHS = "$(inherited) @executable_path/Frameworks @loader_path/Frameworks";
				PRODUCT_NAME = "$(TARGET_NAME)";
				TEST_HOST = "$(BUILT_PRODUCTS_DIR)/The One Percent - Swift.app/The One Percent - Swift";
			};
			name = Release;
		};
/* End XCBuildConfiguration section */

/* Begin XCConfigurationList section */
		4130001A1A009FCF00B6D128 /* Build configuration list for PBXProject "The One Percent - Swift" */ = {
			isa = XCConfigurationList;
			buildConfigurations = (
				4130003C1A009FD000B6D128 /* Debug */,
				4130003D1A009FD000B6D128 /* Release */,
			);
			defaultConfigurationIsVisible = 0;
			defaultConfigurationName = Release;
		};
		4130003E1A009FD000B6D128 /* Build configuration list for PBXNativeTarget "The One Percent - Swift" */ = {
			isa = XCConfigurationList;
			buildConfigurations = (
				4130003F1A009FD000B6D128 /* Debug */,
				413000401A009FD000B6D128 /* Release */,
			);
			defaultConfigurationIsVisible = 0;
		};
		413000411A009FD000B6D128 /* Build configuration list for PBXNativeTarget "The One Percent - SwiftTests" */ = {
			isa = XCConfigurationList;
			buildConfigurations = (
				413000421A009FD000B6D128 /* Debug */,
				413000431A009FD000B6D128 /* Release */,
			);
			defaultConfigurationIsVisible = 0;
		};
/* End XCConfigurationList section */
	};
	rootObject = 413000171A009FCF00B6D128 /* Project object */;
}
